lockfileVersion: '6.0'

settings:
  autoInstallPeers: true
  excludeLinksFromLockfile: false

dependencies:
  react-router-dom:
    specifier: ^6.21.3
    version: 6.21.3(react-dom@18.2.0)(react@18.2.0)

packages:

  /@remix-run/router@1.14.2:
    resolution: {integrity: sha512-ACXpdMM9hmKZww21yEqWwiLws/UPLhNKvimN8RrYSqPSvB3ov7sLvAcfvaxePeLvccTQKGdkDIhLYApZVDFuKg==}
    engines: {node: '>=14.0.0'}
    dev: false

  /js-tokens@4.0.0:
    resolution: {integrity: sha512-RdJUflcE3cUzKiMqQgsCu06FPu9UdIJO0beYbPhHN4k6apgJtifcoCtT9bcxOpYBtpD2kCM6Sbzg4CausW/PKQ==}
    dev: false

  /loose-envify@1.4.0:
    resolution: {integrity: sha512-lyuxPGr/Wfhrlem2CL/UcnUc1zcqKAImBDzukY7Y5F/yQiNdko6+fRLevlw1HgMySw7f611UIY408EtxRSoK3Q==}
    hasBin: true
    dependencies:
      js-tokens: 4.0.0
    dev: false

  /react-dom@18.2.0(react@18.2.0):
    resolution: {integrity: sha512-6IMTriUmvsjHUjNtEDudZfuDQUoWXVxKHhlEGSk81n4YFS+r/Kl99wXiwlVXtPBtJenozv2P+hxDsw9eA7Xo6g==}
    peerDependencies:
      react: ^18.2.0
    dependencies:
      loose-envify: 1.4.0
      react: 18.2.0
      scheduler: 0.23.0
    dev: false

  /react-router-dom@6.21.3(react-dom@18.2.0)(react@18.2.0):
    resolution: {integrity: sha512-kNzubk7n4YHSrErzjLK72j0B5i969GsuCGazRl3G6j1zqZBLjuSlYBdVdkDOgzGdPIffUOc9nmgiadTEVoq91g==}
    engines: {node: '>=14.0.0'}
    peerDependencies:
      react: '>=16.8'
      react-dom: '>=16.8'
    dependencies:
      '@remix-run/router': 1.14.2
      react: 18.2.0
      react-dom: 18.2.0(react@18.2.0)
      react-router: 6.21.3(react@18.2.0)
    dev: false

  /react-router@6.21.3(react@18.2.0):
    resolution: {integrity: sha512-a0H638ZXULv1OdkmiK6s6itNhoy33ywxmUFT/xtSoVyf9VnC7n7+VT4LjVzdIHSaF5TIh9ylUgxMXksHTgGrKg==}
    engines: {node: '>=14.0.0'}
    peerDependencies:
      react: '>=16.8'
    dependencies:
      '@remix-run/router': 1.14.2
      react: 18.2.0
    dev: false

  /react@18.2.0:
    resolution: {integrity: sha512-/3IjMdb2L9QbBdWiW5e3P2/npwMBaU9mHCSCUzNln0ZCYbcfTsGbTJrU/kGemdH2IWmB2ioZ+zkxtmq6g09fGQ==}
    engines: {node: '>=0.10.0'}
    dependencies:
      loose-envify: 1.4.0
    dev: false

  /scheduler@0.23.0:
    resolution: {integrity: sha512-CtuThmgHNg7zIZWAXi3AsyIzA3n4xx7aNyjwC2VJldO2LMVDhFK+63xGqq6CsJH4rTAt6/M+N4GhZiDYPx9eUw==}
    dependencies:
      loose-envify: 1.4.0
    dev: false
